
Microsoft Visual Studio Solution File, Format Version 12.00
# Visual Studio 15
VisualStudioVersion = 15.0.27004.2005
MinimumVisualStudioVersion = 10.0.40219.1
Project("{FAE04EC0-301F-11D3-BF4B-00C04F79EFBC}") = "Service", "Service\Service.csproj", "{5F224318-4499-4471-869E-2AE2B07A9FD5}"
EndProject
Project("{FAE04EC0-301F-11D3-BF4B-00C04F79EFBC}") = "Client1", "Client1\Client1.csproj", "{4F73CB89-F17E-4526-A0B2-4087BFDAA0BA}"
EndProject
Project("{FAE04EC0-301F-11D3-BF4B-00C04F79EFBC}") = "Client2", "Client2\Client2.csproj", "{DFC45996-B2B7-465A-AFA4-8D61D9F087DB}"
EndProject
Global
	GlobalSection(SolutionConfigurationPlatforms) = preSolution
		Debug|Any CPU = Debug|Any CPU
		Release|Any CPU = Release|Any CPU
	EndGlobalSection
	GlobalSection(ProjectConfigurationPlatforms) = postSolution
		{5F224318-4499-4471-869E-2AE2B07A9FD5}.Debug|Any CPU.ActiveCfg = Debug|Any CPU
		{5F224318-4499-4471-869E-2AE2B07A9FD5}.Debug|Any CPU.Build.0 = Debug|Any CPU
		{5F224318-4499-4471-869E-2AE2B07A9FD5}.Release|Any CPU.ActiveCfg = Release|Any CPU
		{5F224318-4499-4471-869E-2AE2B07A9FD5}.Release|Any CPU.Build.0 = Release|Any CPU
		{4F73CB89-F17E-4526-A0B2-4087BFDAA0BA}.Debug|Any CPU.ActiveCfg = Debug|Any CPU
		{4F73CB89-F17E-4526-A0B2-4087BFDAA0BA}.Debug|Any CPU.Build.0 = Debug|Any CPU
		{4F73CB89-F17E-4526-A0B2-4087BFDAA0BA}.Release|Any CPU.ActiveCfg = Release|Any CPU
		{4F73CB89-F17E-4526-A0B2-4087BFDAA0BA}.Release|Any CPU.Build.0 = Release|Any CPU
		{DFC45996-B2B7-465A-AFA4-8D61D9F087DB}.Debug|Any CPU.ActiveCfg = Debug|Any CPU
		{DFC45996-B2B7-465A-AFA4-8D61D9F087DB}.Debug|Any CPU.Build.0 = Debug|Any CPU
		{DFC45996-B2B7-465A-AFA4-8D61D9F087DB}.Release|Any CPU.ActiveCfg = Release|Any CPU
		{DFC45996-B2B7-465A-AFA4-8D61D9F087DB}.Release|Any CPU.Build.0 = Release|Any CPU
	EndGlobalSection
	GlobalSection(SolutionProperties) = preSolution
		HideSolutionNode = FALSE
	EndGlobalSection
	GlobalSection(ExtensibilityGlobals) = postSolution
		SolutionGuid = {2F571A8C-068D-474A-94B8-A97C9BDD9AB1}
	EndGlobalSection
EndGlobal
