
Microsoft Visual Studio Solution File, Format Version 12.00
# Visual Studio 14
VisualStudioVersion = 14.0.25420.1
MinimumVisualStudioVersion = 10.0.40219.1
Project("{FAE04EC0-301F-11D3-BF4B-00C04F79EFBC}") = "AppDomainDemo", "AppDomainDemo\AppDomainDemo.csproj", "{540CE3A7-2352-48A8-B031-FFB928203BC8}"
EndProject
Project("{FAE04EC0-301F-11D3-BF4B-00C04F79EFBC}") = "AutoCompile", "AutoCompile\AutoCompile.csproj", "{2BD1EA52-3B5C-4C2B-90B4-B942A4B4F9D2}"
EndProject
Global
	GlobalSection(SolutionConfigurationPlatforms) = preSolution
		Debug|Any CPU = Debug|Any CPU
		Release|Any CPU = Release|Any CPU
	EndGlobalSection
	GlobalSection(ProjectConfigurationPlatforms) = postSolution
		{540CE3A7-2352-48A8-B031-FFB928203BC8}.Debug|Any CPU.ActiveCfg = Debug|Any CPU
		{540CE3A7-2352-48A8-B031-FFB928203BC8}.Debug|Any CPU.Build.0 = Debug|Any CPU
		{540CE3A7-2352-48A8-B031-FFB928203BC8}.Release|Any CPU.ActiveCfg = Release|Any CPU
		{540CE3A7-2352-48A8-B031-FFB928203BC8}.Release|Any CPU.Build.0 = Release|Any CPU
		{2BD1EA52-3B5C-4C2B-90B4-B942A4B4F9D2}.Debug|Any CPU.ActiveCfg = Debug|Any CPU
		{2BD1EA52-3B5C-4C2B-90B4-B942A4B4F9D2}.Debug|Any CPU.Build.0 = Debug|Any CPU
		{2BD1EA52-3B5C-4C2B-90B4-B942A4B4F9D2}.Release|Any CPU.ActiveCfg = Release|Any CPU
		{2BD1EA52-3B5C-4C2B-90B4-B942A4B4F9D2}.Release|Any CPU.Build.0 = Release|Any CPU
	EndGlobalSection
	GlobalSection(SolutionProperties) = preSolution
		HideSolutionNode = FALSE
	EndGlobalSection
EndGlobal
